
Microsoft Visual Studio Solution File, Format Version 12.00
# Visual Studio Version 16
VisualStudioVersion = 16.0.30517.126
MinimumVisualStudioVersion = 10.0.40219.1
Project("{FAE04EC0-301F-11D3-BF4B-00C04F79EFBC}") = "Compiler", "Compiler\Compiler.csproj", "{854F676D-C9E4-4FB9-856C-3107C1C0BB16}"
EndProject
Global
	GlobalSection(SolutionConfigurationPlatforms) = preSolution
		Debug|Any CPU = Debug|Any CPU
		Release|Any CPU = Release|Any CPU
	EndGlobalSection
	GlobalSection(ProjectConfigurationPlatforms) = postSolution
		{854F676D-C9E4-4FB9-856C-3107C1C0BB16}.Debug|Any CPU.ActiveCfg = Debug|Any CPU
		{854F676D-C9E4-4FB9-856C-3107C1C0BB16}.Debug|Any CPU.Build.0 = Debug|Any CPU
		{854F676D-C9E4-4FB9-856C-3107C1C0BB16}.Release|Any CPU.ActiveCfg = Release|Any CPU
		{854F676D-C9E4-4FB9-856C-3107C1C0BB16}.Release|Any CPU.Build.0 = Release|Any CPU
	EndGlobalSection
	GlobalSection(SolutionProperties) = preSolution
		HideSolutionNode = FALSE
	EndGlobalSection
	GlobalSection(ExtensibilityGlobals) = postSolution
		SolutionGuid = {8B6866B4-7027-45B7-AF38-5DA032E2C155}
	EndGlobalSection
EndGlobal
